// !$*UTF8*$!
{
	archiveVersion = 1;
	classes = {
	};
	objectVersion = 50;
	objects = {

/* Begin PBXBuildFile section */
		6653E57F21F0BFE0007C2587 /* AppDelegate.swift in Sources */ = {isa = PBXBuildFile; fileRef = 6653E57E21F0BFE0007C2587 /* AppDelegate.swift */; };
		6653E58121F0BFE0007C2587 /* PermissionsViewController.swift in Sources */ = {isa = PBXBuildFile; fileRef = 6653E58021F0BFE0007C2587 /* PermissionsViewController.swift */; };
		6653E58421F0BFE0007C2587 /* Main.storyboard in Resources */ = {isa = PBXBuildFile; fileRef = 6653E58221F0BFE0007C2587 /* Main.storyboard */; };
		6653E58621F0BFE2007C2587 /* Assets.xcassets in Resources */ = {isa = PBXBuildFile; fileRef = 6653E58521F0BFE2007C2587 /* Assets.xcassets */; };
		6653E58921F0BFE2007C2587 /* LaunchScreen.storyboard in Resources */ = {isa = PBXBuildFile; fileRef = 6653E58721F0BFE2007C2587 /* LaunchScreen.storyboard */; };
		6653E59421F0BFE2007C2587 /* VoiceraTestTests.swift in Sources */ = {isa = PBXBuildFile; fileRef = 6653E59321F0BFE2007C2587 /* VoiceraTestTests.swift */; };
		6653E59F21F0D444007C2587 /* PermissionsModel.swift in Sources */ = {isa = PBXBuildFile; fileRef = 6653E59E21F0D444007C2587 /* PermissionsModel.swift */; };
		66C37C7921F12F12002DE163 /* CalendarTableViewController.swift in Sources */ = {isa = PBXBuildFile; fileRef = 66C37C7821F12F12002DE163 /* CalendarTableViewController.swift */; };
		66C37C7B21F1306F002DE163 /* CalendarModel.swift in Sources */ = {isa = PBXBuildFile; fileRef = 66C37C7A21F1306F002DE163 /* CalendarModel.swift */; };
		66CE8C3B21F1D10F00627F05 /* EventsNotificationScheduler.swift in Sources */ = {isa = PBXBuildFile; fileRef = 66CE8C3A21F1D10F00627F05 /* EventsNotificationScheduler.swift */; };
		66CE8C3D21F1DAA400627F05 /* EventViewController.swift in Sources */ = {isa = PBXBuildFile; fileRef = 66CE8C3C21F1DAA400627F05 /* EventViewController.swift */; };
/* End PBXBuildFile section */

/* Begin PBXContainerItemProxy section */
		6653E59021F0BFE2007C2587 /* PBXContainerItemProxy */ = {
			isa = PBXContainerItemProxy;
			containerPortal = 6653E57321F0BFE0007C2587 /* Project object */;
			proxyType = 1;
			remoteGlobalIDString = 6653E57A21F0BFE0007C2587;
			remoteInfo = VoiceraTest;
		};
/* End PBXContainerItemProxy section */

/* Begin PBXFileReference section */
		6653E57B21F0BFE0007C2587 /* VoiceraTest.app */ = {isa = PBXFileReference; explicitFileType = wrapper.application; includeInIndex = 0; path = VoiceraTest.app; sourceTree = BUILT_PRODUCTS_DIR; };
		6653E57E21F0BFE0007C2587 /* AppDelegate.swift */ = {isa = PBXFileReference; lastKnownFileType = sourcecode.swift; path = AppDelegate.swift; sourceTree = "<group>"; };
		6653E58021F0BFE0007C2587 /* PermissionsViewController.swift */ = {isa = PBXFileReference; lastKnownFileType = sourcecode.swift; path = PermissionsViewController.swift; sourceTree = "<group>"; };
		6653E58321F0BFE0007C2587 /* Base */ = {isa = PBXFileReference; lastKnownFileType = file.storyboard; name = Base; path = Base.lproj/Main.storyboard; sourceTree = "<group>"; };
		6653E58521F0BFE2007C2587 /* Assets.xcassets */ = {isa = PBXFileReference; lastKnownFileType = folder.assetcatalog; path = Assets.xcassets; sourceTree = "<group>"; };
		6653E58821F0BFE2007C2587 /* Base */ = {isa = PBXFileReference; lastKnownFileType = file.storyboard; name = Base; path = Base.lproj/LaunchScreen.storyboard; sourceTree = "<group>"; };
		6653E58A21F0BFE2007C2587 /* Info.plist */ = {isa = PBXFileReference; lastKnownFileType = text.plist.xml; path = Info.plist; sourceTree = "<group>"; };
		6653E58F21F0BFE2007C2587 /* VoiceraTestTests.xctest */ = {isa = PBXFileReference; explicitFileType = wrapper.cfbundle; includeInIndex = 0; path = VoiceraTestTests.xctest; sourceTree = BUILT_PRODUCTS_DIR; };
		6653E59321F0BFE2007C2587 /* VoiceraTestTests.swift */ = {isa = PBXFileReference; lastKnownFileType = sourcecode.swift; path = VoiceraTestTests.swift; sourceTree = "<group>"; };
		6653E59521F0BFE2007C2587 /* Info.plist */ = {isa = PBXFileReference; lastKnownFileType = text.plist.xml; path = Info.plist; sourceTree = "<group>"; };
		6653E59E21F0D444007C2587 /* PermissionsModel.swift */ = {isa = PBXFileReference; lastKnownFileType = sourcecode.swift; path = PermissionsModel.swift; sourceTree = "<group>"; };
		66C37C7821F12F12002DE163 /* CalendarTableViewController.swift */ = {isa = PBXFileReference; lastKnownFileType = sourcecode.swift; path = CalendarTableViewController.swift; sourceTree = "<group>"; };
		66C37C7A21F1306F002DE163 /* CalendarModel.swift */ = {isa = PBXFileReference; lastKnownFileType = sourcecode.swift; path = CalendarModel.swift; sourceTree = "<group>"; };
		66CE8C3A21F1D10F00627F05 /* EventsNotificationScheduler.swift */ = {isa = PBXFileReference; lastKnownFileType = sourcecode.swift; path = EventsNotificationScheduler.swift; sourceTree = "<group>"; };
		66CE8C3C21F1DAA400627F05 /* EventViewController.swift */ = {isa = PBXFileReference; lastKnownFileType = sourcecode.swift; path = EventViewController.swift; sourceTree = "<group>"; };
/* End PBXFileReference section */

/* Begin PBXFrameworksBuildPhase section */
		6653E57821F0BFE0007C2587 /* Frameworks */ = {
			isa = PBXFrameworksBuildPhase;
			buildActionMask = 2147483647;
			files = (
			);
			runOnlyForDeploymentPostprocessing = 0;
		};
		6653E58C21F0BFE2007C2587 /* Frameworks */ = {
			isa = PBXFrameworksBuildPhase;
			buildActionMask = 2147483647;
			files = (
			);
			runOnlyForDeploymentPostprocessing = 0;
		};
/* End PBXFrameworksBuildPhase section */

/* Begin PBXGroup section */
		6653E57221F0BFE0007C2587 = {
			isa = PBXGroup;
			children = (
				6653E57D21F0BFE0007C2587 /* VoiceraTest */,
				6653E59221F0BFE2007C2587 /* VoiceraTestTests */,
				6653E57C21F0BFE0007C2587 /* Products */,
			);
			sourceTree = "<group>";
		};
		6653E57C21F0BFE0007C2587 /* Products */ = {
			isa = PBXGroup;
			children = (
				6653E57B21F0BFE0007C2587 /* VoiceraTest.app */,
				6653E58F21F0BFE2007C2587 /* VoiceraTestTests.xctest */,
			);
			name = Products;
			sourceTree = "<group>";
		};
		6653E57D21F0BFE0007C2587 /* VoiceraTest */ = {
			isa = PBXGroup;
			children = (
				6653E57E21F0BFE0007C2587 /* AppDelegate.swift */,
				6653E59E21F0D444007C2587 /* PermissionsModel.swift */,
				6653E58021F0BFE0007C2587 /* PermissionsViewController.swift */,
				66C37C7A21F1306F002DE163 /* CalendarModel.swift */,
				66C37C7821F12F12002DE163 /* CalendarTableViewController.swift */,
				66CE8C3A21F1D10F00627F05 /* EventsNotificationScheduler.swift */,
				66CE8C3C21F1DAA400627F05 /* EventViewController.swift */,
				6653E58221F0BFE0007C2587 /* Main.storyboard */,
				6653E58521F0BFE2007C2587 /* Assets.xcassets */,
				6653E58721F0BFE2007C2587 /* LaunchScreen.storyboard */,
				6653E58A21F0BFE2007C2587 /* Info.plist */,
			);
			path = VoiceraTest;
			sourceTree = "<group>";
		};
		6653E59221F0BFE2007C2587 /* VoiceraTestTests */ = {
			isa = PBXGroup;
			children = (
				6653E59321F0BFE2007C2587 /* VoiceraTestTests.swift */,
				6653E59521F0BFE2007C2587 /* Info.plist */,
			);
			path = VoiceraTestTests;
			sourceTree = "<group>";
		};
/* End PBXGroup section */

/* Begin PBXNativeTarget section */
		6653E57A21F0BFE0007C2587 /* VoiceraTest */ = {
			isa = PBXNativeTarget;
			buildConfigurationList = 6653E59821F0BFE2007C2587 /* Build configuration list for PBXNativeTarget "VoiceraTest" */;
			buildPhases = (
				6653E57721F0BFE0007C2587 /* Sources */,
				6653E57821F0BFE0007C2587 /* Frameworks */,
				6653E57921F0BFE0007C2587 /* Resources */,
			);
			buildRules = (
			);
			dependencies = (
			);
			name = VoiceraTest;
			productName = VoiceraTest;
			productReference = 6653E57B21F0BFE0007C2587 /* VoiceraTest.app */;
			productType = "com.apple.product-type.application";
		};
		6653E58E21F0BFE2007C2587 /* VoiceraTestTests */ = {
			isa = PBXNativeTarget;
			buildConfigurationList = 6653E59B21F0BFE2007C2587 /* Build configuration list for PBXNativeTarget "VoiceraTestTests" */;
			buildPhases = (
				6653E58B21F0BFE2007C2587 /* Sources */,
				6653E58C21F0BFE2007C2587 /* Frameworks */,
				6653E58D21F0BFE2007C2587 /* Resources */,
			);
			buildRules = (
			);
			dependencies = (
				6653E59121F0BFE2007C2587 /* PBXTargetDependency */,
			);
			name = VoiceraTestTests;
			productName = VoiceraTestTests;
			productReference = 6653E58F21F0BFE2007C2587 /* VoiceraTestTests.xctest */;
			productType = "com.apple.product-type.bundle.unit-test";
		};
/* End PBXNativeTarget section */

/* Begin PBXProject section */
		6653E57321F0BFE0007C2587 /* Project object */ = {
			isa = PBXProject;
			attributes = {
				LastSwiftUpdateCheck = 1010;
				LastUpgradeCheck = 1010;
				ORGANIZATIONNAME = "Oleg Agapov";
				TargetAttributes = {
					6653E57A21F0BFE0007C2587 = {
						CreatedOnToolsVersion = 10.1;
					};
					6653E58E21F0BFE2007C2587 = {
						CreatedOnToolsVersion = 10.1;
						TestTargetID = 6653E57A21F0BFE0007C2587;
					};
				};
			};
			buildConfigurationList = 6653E57621F0BFE0007C2587 /* Build configuration list for PBXProject "VoiceraTest" */;
			compatibilityVersion = "Xcode 9.3";
			developmentRegion = en;
			hasScannedForEncodings = 0;
			knownRegions = (
				en,
				Base,
			);
			mainGroup = 6653E57221F0BFE0007C2587;
			productRefGroup = 6653E57C21F0BFE0007C2587 /* Products */;
			projectDirPath = "";
			projectRoot = "";
			targets = (
				6653E57A21F0BFE0007C2587 /* VoiceraTest */,
				6653E58E21F0BFE2007C2587 /* VoiceraTestTests */,
			);
		};
/* End PBXProject section */

/* Begin PBXResourcesBuildPhase section */
		6653E57921F0BFE0007C2587 /* Resources */ = {
			isa = PBXResourcesBuildPhase;
			buildActionMask = 2147483647;
			files = (
				6653E58921F0BFE2007C2587 /* LaunchScreen.storyboard in Resources */,
				6653E58621F0BFE2007C2587 /* Assets.xcassets in Resources */,
				6653E58421F0BFE0007C2587 /* Main.storyboard in Resources */,
			);
			runOnlyForDeploymentPostprocessing = 0;
		};
		6653E58D21F0BFE2007C2587 /* Resources */ = {
			isa = PBXResourcesBuildPhase;
			buildActionMask = 2147483647;
			files = (
			);
			runOnlyForDeploymentPostprocessing = 0;
		};
/* End PBXResourcesBuildPhase section */

/* Begin PBXSourcesBuildPhase section */
		6653E57721F0BFE0007C2587 /* Sources */ = {
			isa = PBXSourcesBuildPhase;
			buildActionMask = 2147483647;
			files = (
				6653E58121F0BFE0007C2587 /* PermissionsViewController.swift in Sources */,
				66C37C7B21F1306F002DE163 /* CalendarModel.swift in Sources */,
				66CE8C3D21F1DAA400627F05 /* EventViewController.swift in Sources */,
				6653E57F21F0BFE0007C2587 /* AppDelegate.swift in Sources */,
				66CE8C3B21F1D10F00627F05 /* EventsNotificationScheduler.swift in Sources */,
				6653E59F21F0D444007C2587 /* PermissionsModel.swift in Sources */,
				66C37C7921F12F12002DE163 /* CalendarTableViewController.swift in Sources */,
			);
			runOnlyForDeploymentPostprocessing = 0;
		};
		6653E58B21F0BFE2007C2587 /* Sources */ = {
			isa = PBXSourcesBuildPhase;
			buildActionMask = 2147483647;
			files = (
				6653E59421F0BFE2007C2587 /* VoiceraTestTests.swift in Sources */,
			);
			runOnlyForDeploymentPostprocessing = 0;
		};
/* End PBXSourcesBuildPhase section */

/* Begin PBXTargetDependency section */
		6653E59121F0BFE2007C2587 /* PBXTargetDependency */ = {
			isa = PBXTargetDependency;
			target = 6653E57A21F0BFE0007C2587 /* VoiceraTest */;
			targetProxy = 6653E59021F0BFE2007C2587 /* PBXContainerItemProxy */;
		};
/* End PBXTargetDependency section */

/* Begin PBXVariantGroup section */
		6653E58221F0BFE0007C2587 /* Main.storyboard */ = {
			isa = PBXVariantGroup;
			children = (
				6653E58321F0BFE0007C2587 /* Base */,
			);
			name = Main.storyboard;
			sourceTree = "<group>";
		};
		6653E58721F0BFE2007C2587 /* LaunchScreen.storyboard */ = {
			isa = PBXVariantGroup;
			children = (
				6653E58821F0BFE2007C2587 /* Base */,
			);
			name = LaunchScreen.storyboard;
			sourceTree = "<group>";
		};
/* End PBXVariantGroup section */

/* Begin XCBuildConfiguration section */
		6653E59621F0BFE2007C2587 /* Debug */ = {
			isa = XCBuildConfiguration;
			buildSettings = {
				ALWAYS_SEARCH_USER_PATHS = NO;
				CLANG_ANALYZER_NONNULL = YES;
				CLANG_ANALYZER_NUMBER_OBJECT_CONVERSION = YES_AGGRESSIVE;
				CLANG_CXX_LANGUAGE_STANDARD = "gnu++14";
				CLANG_CXX_LIBRARY = "libc++";
				CLANG_ENABLE_MODULES = YES;
				CLANG_ENABLE_OBJC_ARC = YES;
				CLANG_ENABLE_OBJC_WEAK = YES;
				CLANG_WARN_BLOCK_CAPTURE_AUTORELEASING = YES;
				CLANG_WARN_BOOL_CONVERSION = YES;
				CLANG_WARN_COMMA = YES;
				CLANG_WARN_CONSTANT_CONVERSION = YES;
				CLANG_WARN_DEPRECATED_OBJC_IMPLEMENTATIONS = YES;
				CLANG_WARN_DIRECT_OBJC_ISA_USAGE = YES_ERROR;
				CLANG_WARN_DOCUMENTATION_COMMENTS = YES;
				CLANG_WARN_EMPTY_BODY = YES;
				CLANG_WARN_ENUM_CONVERSION = YES;
				CLANG_WARN_INFINITE_RECURSION = YES;
				CLANG_WARN_INT_CONVERSION = YES;
				CLANG_WARN_NON_LITERAL_NULL_CONVERSION = YES;
				CLANG_WARN_OBJC_IMPLICIT_RETAIN_SELF = YES;
				CLANG_WARN_OBJC_LITERAL_CONVERSION = YES;
				CLANG_WARN_OBJC_ROOT_CLASS = YES_ERROR;
				CLANG_WARN_RANGE_LOOP_ANALYSIS = YES;
				CLANG_WARN_STRICT_PROTOTYPES = YES;
				CLANG_WARN_SUSPICIOUS_MOVE = YES;
				CLANG_WARN_UNGUARDED_AVAILABILITY = YES_AGGRESSIVE;
				CLANG_WARN_UNREACHABLE_CODE = YES;
				CLANG_WARN__DUPLICATE_METHOD_MATCH = YES;
				CODE_SIGN_IDENTITY = "iPhone Developer";
				COPY_PHASE_STRIP = NO;
				DEBUG_INFORMATION_FORMAT = dwarf;
				ENABLE_STRICT_OBJC_MSGSEND = YES;
				ENABLE_TESTABILITY = YES;
				GCC_C_LANGUAGE_STANDARD = gnu11;
				GCC_DYNAMIC_NO_PIC = NO;
				GCC_NO_COMMON_BLOCKS = YES;
				GCC_OPTIMIZATION_LEVEL = 0;
				GCC_PREPROCESSOR_DEFINITIONS = (
					"DEBUG=1",
					"$(inherited)",
				);
				GCC_WARN_64_TO_32_BIT_CONVERSION = YES;
				GCC_WARN_ABOUT_RETURN_TYPE = YES_ERROR;
				GCC_WARN_UNDECLARED_SELECTOR = YES;
				GCC_WARN_UNINITIALIZED_AUTOS = YES_AGGRESSIVE;
				GCC_WARN_UNUSED_FUNCTION = YES;
				GCC_WARN_UNUSED_VARIABLE = YES;
				IPHONEOS_DEPLOYMENT_TARGET = 12.1;
				MTL_ENABLE_DEBUG_INFO = INCLUDE_SOURCE;
				MTL_FAST_MATH = YES;
				ONLY_ACTIVE_ARCH = YES;
				SDKROOT = iphoneos;
				SWIFT_ACTIVE_COMPILATION_CONDITIONS = DEBUG;
				SWIFT_OPTIMIZATION_LEVEL = "-Onone";
			};
			name = Debug;
		};
		6653E59721F0BFE2007C2587 /* Release */ = {
			isa = XCBuildConfiguration;
			buildSettings = {
				ALWAYS_SEARCH_USER_PATHS = NO;
				CLANG_ANALYZER_NONNULL = YES;
				CLANG_ANALYZER_NUMBER_OBJECT_CONVERSION = YES_AGGRESSIVE;
				CLANG_CXX_LANGUAGE_STANDARD = "gnu++14";
				CLANG_CXX_LIBRARY = "libc++";
				CLANG_ENABLE_MODULES = YES;
				CLANG_ENABLE_OBJC_ARC = YES;
				CLANG_ENABLE_OBJC_WEAK = YES;
				CLANG_WARN_BLOCK_CAPTURE_AUTORELEASING = YES;
				CLANG_WARN_BOOL_CONVERSION = YES;
				CLANG_WARN_COMMA = YES;
				CLANG_WARN_CONSTANT_CONVERSION = YES;
				CLANG_WARN_DEPRECATED_OBJC_IMPLEMENTATIONS = YES;
				CLANG_WARN_DIRECT_OBJC_ISA_USAGE = YES_ERROR;
				CLANG_WARN_DOCUMENTATION_COMMENTS = YES;
				CLANG_WARN_EMPTY_BODY = YES;
				CLANG_WARN_ENUM_CONVERSION = YES;
				CLANG_WARN_INFINITE_RECURSION = YES;
				CLANG_WARN_INT_CONVERSION = YES;
				CLANG_WARN_NON_LITERAL_NULL_CONVERSION = YES;
				CLANG_WARN_OBJC_IMPLICIT_RETAIN_SELF = YES;
				CLANG_WARN_OBJC_LITERAL_CONVERSION = YES;
				CLANG_WARN_OBJC_ROOT_CLASS = YES_ERROR;
				CLANG_WARN_RANGE_LOOP_ANALYSIS = YES;
				CLANG_WARN_STRICT_PROTOTYPES = YES;
				CLANG_WARN_SUSPICIOUS_MOVE = YES;
				CLANG_WARN_UNGUARDED_AVAILABILITY = YES_AGGRESSIVE;
				CLANG_WARN_UNREACHABLE_CODE = YES;
				CLANG_WARN__DUPLICATE_METHOD_MATCH = YES;
				CODE_SIGN_IDENTITY = "iPhone Developer";
				COPY_PHASE_STRIP = NO;
				DEBUG_INFORMATION_FORMAT = "dwarf-with-dsym";
				ENABLE_NS_ASSERTIONS = NO;
				ENABLE_STRICT_OBJC_MSGSEND = YES;
				GCC_C_LANGUAGE_STANDARD = gnu11;
				GCC_NO_COMMON_BLOCKS = YES;
				GCC_WARN_64_TO_32_BIT_CONVERSION = YES;
				GCC_WARN_ABOUT_RETURN_TYPE = YES_ERROR;
				GCC_WARN_UNDECLARED_SELECTOR = YES;
				GCC_WARN_UNINITIALIZED_AUTOS = YES_AGGRESSIVE;
				GCC_WARN_UNUSED_FUNCTION = YES;
				GCC_WARN_UNUSED_VARIABLE = YES;
				IPHONEOS_DEPLOYMENT_TARGET = 12.1;
				MTL_ENABLE_DEBUG_INFO = NO;
				MTL_FAST_MATH = YES;
				SDKROOT = iphoneos;
				SWIFT_COMPILATION_MODE = wholemodule;
				SWIFT_OPTIMIZATION_LEVEL = "-O";
				VALIDATE_PRODUCT = YES;
			};
			name = Release;
		};
		6653E59921F0BFE2007C2587 /* Debug */ = {
			isa = XCBuildConfiguration;
			buildSettings = {
				ASSETCATALOG_COMPILER_APPICON_NAME = AppIcon;
				CODE_SIGN_STYLE = Automatic;
				DEVELOPMENT_TEAM = R36SL93L94;
				INFOPLIST_FILE = VoiceraTest/Info.plist;
				LD_RUNPATH_SEARCH_PATHS = (
					"$(inherited)",
					"@executable_path/Frameworks",
				);
				PRODUCT_BUNDLE_IDENTIFIER = agapi.VoiceraTest;
				PRODUCT_NAME = "$(TARGET_NAME)";
				SWIFT_VERSION = 4.2;
				TARGETED_DEVICE_FAMILY = "1,2";
			};
			name = Debug;
		};
		6653E59A21F0BFE2007C2587 /* Release */ = {
			isa = XCBuildConfiguration;
			buildSettings = {
				ASSETCATALOG_COMPILER_APPICON_NAME = AppIcon;
				CODE_SIGN_STYLE = Automatic;
				DEVELOPMENT_TEAM = R36SL93L94;
				INFOPLIST_FILE = VoiceraTest/Info.plist;
				LD_RUNPATH_SEARCH_PATHS = (
					"$(inherited)",
					"@executable_path/Frameworks",
				);
				PRODUCT_BUNDLE_IDENTIFIER = agapi.VoiceraTest;
				PRODUCT_NAME = "$(TARGET_NAME)";
				SWIFT_VERSION = 4.2;
				TARGETED_DEVICE_FAMILY = "1,2";
			};
			name = Release;
		};
		6653E59C21F0BFE2007C2587 /* Debug */ = {
			isa = XCBuildConfiguration;
			buildSettings = {
				ALWAYS_EMBED_SWIFT_STANDARD_LIBRARIES = YES;
				BUNDLE_LOADER = "$(TEST_HOST)";
				CODE_SIGN_STYLE = Automatic;
				DEVELOPMENT_TEAM = R36SL93L94;
				INFOPLIST_FILE = VoiceraTestTests/Info.plist;
				LD_RUNPATH_SEARCH_PATHS = (
					"$(inherited)",
					"@executable_path/Frameworks",
					"@loader_path/Frameworks",
				);
				PRODUCT_BUNDLE_IDENTIFIER = agapi.VoiceraTestTests;
				PRODUCT_NAME = "$(TARGET_NAME)";
				SWIFT_VERSION = 4.2;
				TARGETED_DEVICE_FAMILY = "1,2";
				TEST_HOST = "$(BUILT_PRODUCTS_DIR)/VoiceraTest.app/VoiceraTest";
			};
			name = Debug;
		};
		6653E59D21F0BFE2007C2587 /* Release */ = {
			isa = XCBuildConfiguration;
			buildSettings = {
				ALWAYS_EMBED_SWIFT_STANDARD_LIBRARIES = YES;
				BUNDLE_LOADER = "$(TEST_HOST)";
				CODE_SIGN_STYLE = Automatic;
				DEVELOPMENT_TEAM = R36SL93L94;
				INFOPLIST_FILE = VoiceraTestTests/Info.plist;
				LD_RUNPATH_SEARCH_PATHS = (
					"$(inherited)",
					"@executable_path/Frameworks",
					"@loader_path/Frameworks",
				);
				PRODUCT_BUNDLE_IDENTIFIER = agapi.VoiceraTestTests;
				PRODUCT_NAME = "$(TARGET_NAME)";
				SWIFT_VERSION = 4.2;
				TARGETED_DEVICE_FAMILY = "1,2";
				TEST_HOST = "$(BUILT_PRODUCTS_DIR)/VoiceraTest.app/VoiceraTest";
			};
			name = Release;
		};
/* End XCBuildConfiguration section */

/* Begin XCConfigurationList section */
		6653E57621F0BFE0007C2587 /* Build configuration list for PBXProject "VoiceraTest" */ = {
			isa = XCConfigurationList;
			buildConfigurations = (
				6653E59621F0BFE2007C2587 /* Debug */,
				6653E59721F0BFE2007C2587 /* Release */,
			);
			defaultConfigurationIsVisible = 0;
			defaultConfigurationName = Release;
		};
		6653E59821F0BFE2007C2587 /* Build configuration list for PBXNativeTarget "VoiceraTest" */ = {
			isa = XCConfigurationList;
			buildConfigurations = (
				6653E59921F0BFE2007C2587 /* Debug */,
				6653E59A21F0BFE2007C2587 /* Release */,
			);
			defaultConfigurationIsVisible = 0;
			defaultConfigurationName = Release;
		};
		6653E59B21F0BFE2007C2587 /* Build configuration list for PBXNativeTarget "VoiceraTestTests" */ = {
			isa = XCConfigurationList;
			buildConfigurations = (
				6653E59C21F0BFE2007C2587 /* Debug */,
				6653E59D21F0BFE2007C2587 /* Release */,
			);
			defaultConfigurationIsVisible = 0;
			defaultConfigurationName = Release;
		};
/* End XCConfigurationList section */
	};
	rootObject = 6653E57321F0BFE0007C2587 /* Project object */;
}
